
Microsoft Visual Studio Solution File, Format Version 12.00
# Visual Studio 14
VisualStudioVersion = 14.0.25123.0
MinimumVisualStudioVersion = 10.0.40219.1
Project("{FAE04EC0-301F-11D3-BF4B-00C04F79EFBC}") = "OAuth.Server", "OAuth.Server\OAuth.Server.csproj", "{2941620A-84F1-46B1-8E80-89D8E2C80646}"
EndProject
Project("{FAE04EC0-301F-11D3-BF4B-00C04F79EFBC}") = "Constants", "Constants\Constants.csproj", "{11C170BC-7411-4217-AA26-8776B144BD6D}"
EndProject
Project("{2150E333-8FDC-42A3-9474-1A3956D46DE8}") = "Client", "Client", "{BAA3EE80-DC58-4FA6-BF0D-2CD0443C332B}"
EndProject
Project("{FAE04EC0-301F-11D3-BF4B-00C04F79EFBC}") = "OAuth.CodeGrant", "OAuth.CodeGrant\OAuth.CodeGrant.csproj", "{7E30075B-15B5-494C-AE76-826B17C94FE3}"
EndProject
Project("{FAE04EC0-301F-11D3-BF4B-00C04F79EFBC}") = "OAuth.Resource", "OAuth.Resource\OAuth.Resource.csproj", "{68A3822A-DDCF-4EDA-9143-39D68A0D890C}"
EndProject
Project("{FAE04EC0-301F-11D3-BF4B-00C04F79EFBC}") = "OAuth.ClientCredentialGrant", "OAuth.ClientCredentialGrant\OAuth.ClientCredentialGrant.csproj", "{9608DEB4-9125-4C54-BCD4-9ED0C0377663}"
EndProject
Project("{FAE04EC0-301F-11D3-BF4B-00C04F79EFBC}") = "OAuth.ResourceOwnerPasswordCredentialsGrant", "OAuth.ResourceOwnerPasswordCredentialsGrant\OAuth.ResourceOwnerPasswordCredentialsGrant.csproj", "{E3168771-8FCA-4CEF-8020-1BE8E04F3F51}"
EndProject
Global
	GlobalSection(SolutionConfigurationPlatforms) = preSolution
		Debug|Any CPU = Debug|Any CPU
		Release|Any CPU = Release|Any CPU
	EndGlobalSection
	GlobalSection(ProjectConfigurationPlatforms) = postSolution
		{2941620A-84F1-46B1-8E80-89D8E2C80646}.Debug|Any CPU.ActiveCfg = Debug|Any CPU
		{2941620A-84F1-46B1-8E80-89D8E2C80646}.Debug|Any CPU.Build.0 = Debug|Any CPU
		{2941620A-84F1-46B1-8E80-89D8E2C80646}.Release|Any CPU.ActiveCfg = Release|Any CPU
		{2941620A-84F1-46B1-8E80-89D8E2C80646}.Release|Any CPU.Build.0 = Release|Any CPU
		{11C170BC-7411-4217-AA26-8776B144BD6D}.Debug|Any CPU.ActiveCfg = Debug|Any CPU
		{11C170BC-7411-4217-AA26-8776B144BD6D}.Debug|Any CPU.Build.0 = Debug|Any CPU
		{11C170BC-7411-4217-AA26-8776B144BD6D}.Release|Any CPU.ActiveCfg = Release|Any CPU
		{11C170BC-7411-4217-AA26-8776B144BD6D}.Release|Any CPU.Build.0 = Release|Any CPU
		{7E30075B-15B5-494C-AE76-826B17C94FE3}.Debug|Any CPU.ActiveCfg = Debug|Any CPU
		{7E30075B-15B5-494C-AE76-826B17C94FE3}.Debug|Any CPU.Build.0 = Debug|Any CPU
		{7E30075B-15B5-494C-AE76-826B17C94FE3}.Release|Any CPU.ActiveCfg = Release|Any CPU
		{7E30075B-15B5-494C-AE76-826B17C94FE3}.Release|Any CPU.Build.0 = Release|Any CPU
		{68A3822A-DDCF-4EDA-9143-39D68A0D890C}.Debug|Any CPU.ActiveCfg = Debug|Any CPU
		{68A3822A-DDCF-4EDA-9143-39D68A0D890C}.Debug|Any CPU.Build.0 = Debug|Any CPU
		{68A3822A-DDCF-4EDA-9143-39D68A0D890C}.Release|Any CPU.ActiveCfg = Release|Any CPU
		{68A3822A-DDCF-4EDA-9143-39D68A0D890C}.Release|Any CPU.Build.0 = Release|Any CPU
		{9608DEB4-9125-4C54-BCD4-9ED0C0377663}.Debug|Any CPU.ActiveCfg = Debug|Any CPU
		{9608DEB4-9125-4C54-BCD4-9ED0C0377663}.Debug|Any CPU.Build.0 = Debug|Any CPU
		{9608DEB4-9125-4C54-BCD4-9ED0C0377663}.Release|Any CPU.ActiveCfg = Release|Any CPU
		{9608DEB4-9125-4C54-BCD4-9ED0C0377663}.Release|Any CPU.Build.0 = Release|Any CPU
		{E3168771-8FCA-4CEF-8020-1BE8E04F3F51}.Debug|Any CPU.ActiveCfg = Debug|Any CPU
		{E3168771-8FCA-4CEF-8020-1BE8E04F3F51}.Debug|Any CPU.Build.0 = Debug|Any CPU
		{E3168771-8FCA-4CEF-8020-1BE8E04F3F51}.Release|Any CPU.ActiveCfg = Release|Any CPU
		{E3168771-8FCA-4CEF-8020-1BE8E04F3F51}.Release|Any CPU.Build.0 = Release|Any CPU
	EndGlobalSection
	GlobalSection(SolutionProperties) = preSolution
		HideSolutionNode = FALSE
	EndGlobalSection
	GlobalSection(NestedProjects) = preSolution
		{7E30075B-15B5-494C-AE76-826B17C94FE3} = {BAA3EE80-DC58-4FA6-BF0D-2CD0443C332B}
		{9608DEB4-9125-4C54-BCD4-9ED0C0377663} = {BAA3EE80-DC58-4FA6-BF0D-2CD0443C332B}
		{E3168771-8FCA-4CEF-8020-1BE8E04F3F51} = {BAA3EE80-DC58-4FA6-BF0D-2CD0443C332B}
	EndGlobalSection
EndGlobal
